
Microsoft Visual Studio Solution File, Format Version 12.00
# Visual Studio Version 17
VisualStudioVersion = 17.1.32421.90
MinimumVisualStudioVersion = 10.0.40219.1
Project("{9A19103F-16F7-4668-BE54-9A1E7A4F7556}") = "BlackJackSimul", "BlackJackSimul.csproj", "{D0ED8471-5A1D-4A55-8C0F-117888CF3CA8}"
EndProject
Global
	GlobalSection(SolutionConfigurationPlatforms) = preSolution
		Debug|Any CPU = Debug|Any CPU
		Release|Any CPU = Release|Any CPU
	EndGlobalSection
	GlobalSection(ProjectConfigurationPlatforms) = postSolution
		{D0ED8471-5A1D-4A55-8C0F-117888CF3CA8}.Debug|Any CPU.ActiveCfg = Debug|Any CPU
		{D0ED8471-5A1D-4A55-8C0F-117888CF3CA8}.Debug|Any CPU.Build.0 = Debug|Any CPU
		{D0ED8471-5A1D-4A55-8C0F-117888CF3CA8}.Release|Any CPU.ActiveCfg = Release|Any CPU
		{D0ED8471-5A1D-4A55-8C0F-117888CF3CA8}.Release|Any CPU.Build.0 = Release|Any CPU
	EndGlobalSection
	GlobalSection(SolutionProperties) = preSolution
		HideSolutionNode = FALSE
	EndGlobalSection
	GlobalSection(ExtensibilityGlobals) = postSolution
		SolutionGuid = {434505D0-5452-4ED9-865B-28CB444E4BA4}
	EndGlobalSection
EndGlobal
